
Microsoft Visual Studio Solution File, Format Version 12.00
# Visual Studio Version 17
VisualStudioVersion = 17.7.34031.279
MinimumVisualStudioVersion = 10.0.40219.1
Project("{FAE04EC0-301F-11D3-BF4B-00C04F79EFBC}") = "PartyInvites", "PartyInvites.csproj", "{C962012F-DE6B-42CD-A74B-CA422F5860DE}"
EndProject
Global
	GlobalSection(SolutionConfigurationPlatforms) = preSolution
		Debug|Any CPU = Debug|Any CPU
		Release|Any CPU = Release|Any CPU
	EndGlobalSection
	GlobalSection(ProjectConfigurationPlatforms) = postSolution
		{C962012F-DE6B-42CD-A74B-CA422F5860DE}.Debug|Any CPU.ActiveCfg = Debug|Any CPU
		{C962012F-DE6B-42CD-A74B-CA422F5860DE}.Debug|Any CPU.Build.0 = Debug|Any CPU
		{C962012F-DE6B-42CD-A74B-CA422F5860DE}.Release|Any CPU.ActiveCfg = Release|Any CPU
		{C962012F-DE6B-42CD-A74B-CA422F5860DE}.Release|Any CPU.Build.0 = Release|Any CPU
	EndGlobalSection
	GlobalSection(SolutionProperties) = preSolution
		HideSolutionNode = FALSE
	EndGlobalSection
	GlobalSection(ExtensibilityGlobals) = postSolution
		SolutionGuid = {4198DDFD-434C-4A6E-A63C-629F264AAD9C}
	EndGlobalSection
EndGlobal
