
Microsoft Visual Studio Solution File, Format Version 12.00
# Visual Studio Version 17
VisualStudioVersion = 17.7.34031.279
MinimumVisualStudioVersion = 10.0.40219.1
Project("{FAE04EC0-301F-11D3-BF4B-00C04F79EFBC}") = "LanguageFeatures", "LanguageFeatures.csproj", "{B835013B-625D-43D3-ADE9-C89AAE6C27C3}"
EndProject
Global
	GlobalSection(SolutionConfigurationPlatforms) = preSolution
		Debug|Any CPU = Debug|Any CPU
		Release|Any CPU = Release|Any CPU
	EndGlobalSection
	GlobalSection(ProjectConfigurationPlatforms) = postSolution
		{B835013B-625D-43D3-ADE9-C89AAE6C27C3}.Debug|Any CPU.ActiveCfg = Debug|Any CPU
		{B835013B-625D-43D3-ADE9-C89AAE6C27C3}.Debug|Any CPU.Build.0 = Debug|Any CPU
		{B835013B-625D-43D3-ADE9-C89AAE6C27C3}.Release|Any CPU.ActiveCfg = Release|Any CPU
		{B835013B-625D-43D3-ADE9-C89AAE6C27C3}.Release|Any CPU.Build.0 = Release|Any CPU
	EndGlobalSection
	GlobalSection(SolutionProperties) = preSolution
		HideSolutionNode = FALSE
	EndGlobalSection
	GlobalSection(ExtensibilityGlobals) = postSolution
		SolutionGuid = {867F13DC-61E6-49DA-AD81-FAAAA6789A2C}
	EndGlobalSection
EndGlobal
